
Microsoft Visual Studio Solution File, Format Version 12.00
# Visual Studio Version 17
VisualStudioVersion = 17.13.35919.96
MinimumVisualStudioVersion = 10.0.40219.1
Project("{FAE04EC0-301F-11D3-BF4B-00C04F79EFBC}") = "KodeNest", "KodeNest\KodeNest.csproj", "{89B0EEC8-AE11-4E46-BD32-04D70C5BDB07}"
EndProject
Project("{FAE04EC0-301F-11D3-BF4B-00C04F79EFBC}") = "DataLogger", "DataLogger\DataLogger.csproj", "{B9F9CB41-51AD-41C6-9A33-13EE0040054E}"
EndProject
Project("{FAE04EC0-301F-11D3-BF4B-00C04F79EFBC}") = "Entity", "Entity\Entity.csproj", "{C3ECE07A-717B-41A0-A00B-BB624AC1481A}"
EndProject
Global
	GlobalSection(SolutionConfigurationPlatforms) = preSolution
		Debug|Any CPU = Debug|Any CPU
		Release|Any CPU = Release|Any CPU
	EndGlobalSection
	GlobalSection(ProjectConfigurationPlatforms) = postSolution
		{89B0EEC8-AE11-4E46-BD32-04D70C5BDB07}.Debug|Any CPU.ActiveCfg = Debug|Any CPU
		{89B0EEC8-AE11-4E46-BD32-04D70C5BDB07}.Debug|Any CPU.Build.0 = Debug|Any CPU
		{89B0EEC8-AE11-4E46-BD32-04D70C5BDB07}.Release|Any CPU.ActiveCfg = Release|Any CPU
		{89B0EEC8-AE11-4E46-BD32-04D70C5BDB07}.Release|Any CPU.Build.0 = Release|Any CPU
		{B9F9CB41-51AD-41C6-9A33-13EE0040054E}.Debug|Any CPU.ActiveCfg = Debug|Any CPU
		{B9F9CB41-51AD-41C6-9A33-13EE0040054E}.Debug|Any CPU.Build.0 = Debug|Any CPU
		{B9F9CB41-51AD-41C6-9A33-13EE0040054E}.Release|Any CPU.ActiveCfg = Release|Any CPU
		{B9F9CB41-51AD-41C6-9A33-13EE0040054E}.Release|Any CPU.Build.0 = Release|Any CPU
		{C3ECE07A-717B-41A0-A00B-BB624AC1481A}.Debug|Any CPU.ActiveCfg = Debug|Any CPU
		{C3ECE07A-717B-41A0-A00B-BB624AC1481A}.Debug|Any CPU.Build.0 = Debug|Any CPU
		{C3ECE07A-717B-41A0-A00B-BB624AC1481A}.Release|Any CPU.ActiveCfg = Release|Any CPU
		{C3ECE07A-717B-41A0-A00B-BB624AC1481A}.Release|Any CPU.Build.0 = Release|Any CPU
	EndGlobalSection
	GlobalSection(SolutionProperties) = preSolution
		HideSolutionNode = FALSE
	EndGlobalSection
	GlobalSection(ExtensibilityGlobals) = postSolution
		SolutionGuid = {182788A1-C1EC-46C8-AEBB-73F9E9142E1A}
	EndGlobalSection
EndGlobal
